%{"cowboy": {:git, "https://github.com/ninenines/cowboy.git", "d08c2ab39d38c181abda279d5c2cadfac33a50c1", [ref: "d08c2ab"]},
  "cowlib": {:git, "https://github.com/ninenines/cowlib.git", "d544a494af4dbc810fc9c15eaf5cc050cced1501", [ref: "1.0.0"]},
  "ranch": {:git, "https://github.com/ninenines/ranch.git", "adf1822defc2b7cfdc7aca112adabfa1d614043c", [ref: "1.0.0"]}}
