%{"cowboy": {:git, "https://github.com/ninenines/cowboy.git", "d08c2ab39d38c181abda279d5c2cadfac33a50c1", [ref: "d08c2ab"]},
  "cowlib": {:git, "https://github.com/ninenines/cowlib.git", "d544a494af4dbc810fc9c15eaf5cc050cced1501", [ref: "1.0.0"]},
  "json": {:hex, :json, "0.3.3", "373eb4f7321f898ad6772999f30daf65f9f38e1d3dd4d798d7a82d3b123fe1d3", [:mix], []},
  "poison": {:hex, :poison, "2.1.0", "f583218ced822675e484648fa26c933d621373f01c6c76bd00005d7bd4b82e27", [:mix], []},
  "ranch": {:git, "https://github.com/ninenines/ranch.git", "adf1822defc2b7cfdc7aca112adabfa1d614043c", [ref: "1.0.0"]},
  "stateholder": {:git, "https://github.com/kpx/stateholder.git", "2017fd757da39f1069c93a5a389ec26bc2dabd33", []}}
